
Microsoft Visual Studio Solution File, Format Version 12.00
# Visual Studio Version 17
VisualStudioVersion = 17.8.34525.116
MinimumVisualStudioVersion = 10.0.40219.1
Project("{FAE04EC0-301F-11D3-BF4B-00C04F79EFBC}") = "RefreshCourseServer", "RefreshCourseServer\RefreshCourseServer.csproj", "{AA4E6FD9-A91A-494F-A286-464D6F1AFCC6}"
EndProject
Global
	GlobalSection(SolutionConfigurationPlatforms) = preSolution
		Debug|Any CPU = Debug|Any CPU
		Release|Any CPU = Release|Any CPU
	EndGlobalSection
	GlobalSection(ProjectConfigurationPlatforms) = postSolution
		{AA4E6FD9-A91A-494F-A286-464D6F1AFCC6}.Debug|Any CPU.ActiveCfg = Debug|Any CPU
		{AA4E6FD9-A91A-494F-A286-464D6F1AFCC6}.Debug|Any CPU.Build.0 = Debug|Any CPU
		{AA4E6FD9-A91A-494F-A286-464D6F1AFCC6}.Release|Any CPU.ActiveCfg = Release|Any CPU
		{AA4E6FD9-A91A-494F-A286-464D6F1AFCC6}.Release|Any CPU.Build.0 = Release|Any CPU
	EndGlobalSection
	GlobalSection(SolutionProperties) = preSolution
		HideSolutionNode = FALSE
	EndGlobalSection
	GlobalSection(ExtensibilityGlobals) = postSolution
		SolutionGuid = {B4396017-4825-4FD7-9B2A-3EA2A00687A2}
	EndGlobalSection
EndGlobal
